
Microsoft Visual Studio Solution File, Format Version 12.00
# Visual Studio 16
Project("{FAE04EC0-301F-11D3-BF4B-00C04F79EFBC}") = "Assembly-CSharp", "Assembly-CSharp.csproj", "{482E69EA-41AF-C59C-10A1-9AFE6416DBE6}"
EndProject
Project("{FAE04EC0-301F-11D3-BF4B-00C04F79EFBC}") = "Assembly-CSharp-Editor", "Assembly-CSharp-Editor.csproj", "{CF257C11-07F4-A704-9C51-AC5F3622B32C}"
EndProject
Global
	GlobalSection(SolutionConfigurationPlatforms) = preSolution
		Debug|Any CPU = Debug|Any CPU
		Release|Any CPU = Release|Any CPU
	EndGlobalSection
	GlobalSection(ProjectConfigurationPlatforms) = postSolution
		{482E69EA-41AF-C59C-10A1-9AFE6416DBE6}.Debug|Any CPU.ActiveCfg = Debug|Any CPU
		{482E69EA-41AF-C59C-10A1-9AFE6416DBE6}.Debug|Any CPU.Build.0 = Debug|Any CPU
		{482E69EA-41AF-C59C-10A1-9AFE6416DBE6}.Release|Any CPU.ActiveCfg = Release|Any CPU
		{482E69EA-41AF-C59C-10A1-9AFE6416DBE6}.Release|Any CPU.Build.0 = Release|Any CPU
		{CF257C11-07F4-A704-9C51-AC5F3622B32C}.Debug|Any CPU.ActiveCfg = Debug|Any CPU
		{CF257C11-07F4-A704-9C51-AC5F3622B32C}.Debug|Any CPU.Build.0 = Debug|Any CPU
		{CF257C11-07F4-A704-9C51-AC5F3622B32C}.Release|Any CPU.ActiveCfg = Release|Any CPU
		{CF257C11-07F4-A704-9C51-AC5F3622B32C}.Release|Any CPU.Build.0 = Release|Any CPU
	EndGlobalSection
	GlobalSection(SolutionProperties) = preSolution
		HideSolutionNode = FALSE
	EndGlobalSection
EndGlobal
