
Microsoft Visual Studio Solution File, Format Version 12.00
# Visual Studio 15
Project("{FAE04EC0-301F-11D3-BF4B-00C04F79EFBC}") = "Assembly-CSharp", "Assembly-CSharp.csproj", "{B95B5D97-511F-D137-FE6D-1F45B2DE168F}"
EndProject
Project("{FAE04EC0-301F-11D3-BF4B-00C04F79EFBC}") = "Assembly-CSharp-Editor", "Assembly-CSharp-Editor.csproj", "{F815EECD-9665-448A-133A-B7AC274973AE}"
EndProject
Global
	GlobalSection(SolutionConfigurationPlatforms) = preSolution
		Debug|Any CPU = Debug|Any CPU
		Release|Any CPU = Release|Any CPU
	EndGlobalSection
	GlobalSection(ProjectConfigurationPlatforms) = postSolution
		{B95B5D97-511F-D137-FE6D-1F45B2DE168F}.Debug|Any CPU.ActiveCfg = Debug|Any CPU
		{B95B5D97-511F-D137-FE6D-1F45B2DE168F}.Debug|Any CPU.Build.0 = Debug|Any CPU
		{B95B5D97-511F-D137-FE6D-1F45B2DE168F}.Release|Any CPU.ActiveCfg = Release|Any CPU
		{B95B5D97-511F-D137-FE6D-1F45B2DE168F}.Release|Any CPU.Build.0 = Release|Any CPU
		{F815EECD-9665-448A-133A-B7AC274973AE}.Debug|Any CPU.ActiveCfg = Debug|Any CPU
		{F815EECD-9665-448A-133A-B7AC274973AE}.Debug|Any CPU.Build.0 = Debug|Any CPU
		{F815EECD-9665-448A-133A-B7AC274973AE}.Release|Any CPU.ActiveCfg = Release|Any CPU
		{F815EECD-9665-448A-133A-B7AC274973AE}.Release|Any CPU.Build.0 = Release|Any CPU
	EndGlobalSection
	GlobalSection(SolutionProperties) = preSolution
		HideSolutionNode = FALSE
	EndGlobalSection
EndGlobal
